// !$*UTF8*$!
{
	archiveVersion = 1;
	classes = {
	};
	objectVersion = 56;
	objects = {

/* Begin PBXBuildFile section */
		F61F26B62A5A605900A4A13C /* P9_DrawingApp.swift in Sources */ = {isa = PBXBuildFile; fileRef = F61F26B52A5A605900A4A13C /* P9_DrawingApp.swift */; };
		F61F26B82A5A605900A4A13C /* ContentView.swift in Sources */ = {isa = PBXBuildFile; fileRef = F61F26B72A5A605900A4A13C /* ContentView.swift */; };
		F61F26BA2A5A605A00A4A13C /* Assets.xcassets in Resources */ = {isa = PBXBuildFile; fileRef = F61F26B92A5A605A00A4A13C /* Assets.xcassets */; };
		F61F26BD2A5A605A00A4A13C /* Preview Assets.xcassets in Resources */ = {isa = PBXBuildFile; fileRef = F61F26BC2A5A605A00A4A13C /* Preview Assets.xcassets */; };
		F61F26C42A5A622300A4A13C /* CreatingCustomPaths.swift in Sources */ = {isa = PBXBuildFile; fileRef = F61F26C32A5A622300A4A13C /* CreatingCustomPaths.swift */; };
		F61F26C72A5A62FA00A4A13C /* PathsVsShapes.swift in Sources */ = {isa = PBXBuildFile; fileRef = F61F26C62A5A62FA00A4A13C /* PathsVsShapes.swift */; };
		F61F26C92A5A65B500A4A13C /* Adding_strokeBorder.swift in Sources */ = {isa = PBXBuildFile; fileRef = F61F26C82A5A65B500A4A13C /* Adding_strokeBorder.swift */; };
		F61F26CB2A5B11EC00A4A13C /* TransformShapesWithCGAffineTransform.swift in Sources */ = {isa = PBXBuildFile; fileRef = F61F26CA2A5B11EC00A4A13C /* TransformShapesWithCGAffineTransform.swift */; };
		F61F26CD2A5B17D800A4A13C /* ImagePaintDrawing.swift in Sources */ = {isa = PBXBuildFile; fileRef = F61F26CC2A5B17D800A4A13C /* ImagePaintDrawing.swift */; };
		F61F26D42A5B19FC00A4A13C /* MetalRenderingWith_drawingGroup.swift in Sources */ = {isa = PBXBuildFile; fileRef = F61F26D32A5B19FC00A4A13C /* MetalRenderingWith_drawingGroup.swift */; };
		F61F26D62A5B1D6D00A4A13C /* SpecialEffects.swift in Sources */ = {isa = PBXBuildFile; fileRef = F61F26D52A5B1D6D00A4A13C /* SpecialEffects.swift */; };
		F61F26D82A5B224600A4A13C /* AnimatingSimpleShapes.swift in Sources */ = {isa = PBXBuildFile; fileRef = F61F26D72A5B224600A4A13C /* AnimatingSimpleShapes.swift */; };
		F61F26DA2A5B24B800A4A13C /* AnimatingComplexShapes.swift in Sources */ = {isa = PBXBuildFile; fileRef = F61F26D92A5B24B800A4A13C /* AnimatingComplexShapes.swift */; };
		F61F26DC2A5B275000A4A13C /* Spirograph.swift in Sources */ = {isa = PBXBuildFile; fileRef = F61F26DB2A5B275000A4A13C /* Spirograph.swift */; };
/* End PBXBuildFile section */

/* Begin PBXFileReference section */
		F61F26B22A5A605900A4A13C /* P9-Drawing.app */ = {isa = PBXFileReference; explicitFileType = wrapper.application; includeInIndex = 0; path = "P9-Drawing.app"; sourceTree = BUILT_PRODUCTS_DIR; };
		F61F26B52A5A605900A4A13C /* P9_DrawingApp.swift */ = {isa = PBXFileReference; lastKnownFileType = sourcecode.swift; path = P9_DrawingApp.swift; sourceTree = "<group>"; };
		F61F26B72A5A605900A4A13C /* ContentView.swift */ = {isa = PBXFileReference; lastKnownFileType = sourcecode.swift; path = ContentView.swift; sourceTree = "<group>"; };
		F61F26B92A5A605A00A4A13C /* Assets.xcassets */ = {isa = PBXFileReference; lastKnownFileType = folder.assetcatalog; path = Assets.xcassets; sourceTree = "<group>"; };
		F61F26BC2A5A605A00A4A13C /* Preview Assets.xcassets */ = {isa = PBXFileReference; lastKnownFileType = folder.assetcatalog; path = "Preview Assets.xcassets"; sourceTree = "<group>"; };
		F61F26C32A5A622300A4A13C /* CreatingCustomPaths.swift */ = {isa = PBXFileReference; lastKnownFileType = sourcecode.swift; path = CreatingCustomPaths.swift; sourceTree = "<group>"; };
		F61F26C62A5A62FA00A4A13C /* PathsVsShapes.swift */ = {isa = PBXFileReference; lastKnownFileType = sourcecode.swift; path = PathsVsShapes.swift; sourceTree = "<group>"; };
		F61F26C82A5A65B500A4A13C /* Adding_strokeBorder.swift */ = {isa = PBXFileReference; lastKnownFileType = sourcecode.swift; path = Adding_strokeBorder.swift; sourceTree = "<group>"; };
		F61F26CA2A5B11EC00A4A13C /* TransformShapesWithCGAffineTransform.swift */ = {isa = PBXFileReference; lastKnownFileType = sourcecode.swift; path = TransformShapesWithCGAffineTransform.swift; sourceTree = "<group>"; };
		F61F26CC2A5B17D800A4A13C /* ImagePaintDrawing.swift */ = {isa = PBXFileReference; lastKnownFileType = sourcecode.swift; path = ImagePaintDrawing.swift; sourceTree = "<group>"; };
		F61F26D32A5B19FC00A4A13C /* MetalRenderingWith_drawingGroup.swift */ = {isa = PBXFileReference; lastKnownFileType = sourcecode.swift; path = MetalRenderingWith_drawingGroup.swift; sourceTree = "<group>"; };
		F61F26D52A5B1D6D00A4A13C /* SpecialEffects.swift */ = {isa = PBXFileReference; lastKnownFileType = sourcecode.swift; path = SpecialEffects.swift; sourceTree = "<group>"; };
		F61F26D72A5B224600A4A13C /* AnimatingSimpleShapes.swift */ = {isa = PBXFileReference; lastKnownFileType = sourcecode.swift; path = AnimatingSimpleShapes.swift; sourceTree = "<group>"; };
		F61F26D92A5B24B800A4A13C /* AnimatingComplexShapes.swift */ = {isa = PBXFileReference; lastKnownFileType = sourcecode.swift; path = AnimatingComplexShapes.swift; sourceTree = "<group>"; };
		F61F26DB2A5B275000A4A13C /* Spirograph.swift */ = {isa = PBXFileReference; lastKnownFileType = sourcecode.swift; path = Spirograph.swift; sourceTree = "<group>"; };
/* End PBXFileReference section */

/* Begin PBXFrameworksBuildPhase section */
		F61F26AF2A5A605900A4A13C /* Frameworks */ = {
			isa = PBXFrameworksBuildPhase;
			buildActionMask = 2147483647;
			files = (
			);
			runOnlyForDeploymentPostprocessing = 0;
		};
/* End PBXFrameworksBuildPhase section */

/* Begin PBXGroup section */
		F61F26A92A5A605900A4A13C = {
			isa = PBXGroup;
			children = (
				F61F26B42A5A605900A4A13C /* P9-Drawing */,
				F61F26B32A5A605900A4A13C /* Products */,
			);
			sourceTree = "<group>";
		};
		F61F26B32A5A605900A4A13C /* Products */ = {
			isa = PBXGroup;
			children = (
				F61F26B22A5A605900A4A13C /* P9-Drawing.app */,
			);
			name = Products;
			sourceTree = "<group>";
		};
		F61F26B42A5A605900A4A13C /* P9-Drawing */ = {
			isa = PBXGroup;
			children = (
				F61F26B52A5A605900A4A13C /* P9_DrawingApp.swift */,
				F61F26B72A5A605900A4A13C /* ContentView.swift */,
				F61F26C52A5A625800A4A13C /* Code-Along */,
				F61F26B92A5A605A00A4A13C /* Assets.xcassets */,
				F61F26BB2A5A605A00A4A13C /* Preview Content */,
			);
			path = "P9-Drawing";
			sourceTree = "<group>";
		};
		F61F26BB2A5A605A00A4A13C /* Preview Content */ = {
			isa = PBXGroup;
			children = (
				F61F26BC2A5A605A00A4A13C /* Preview Assets.xcassets */,
			);
			path = "Preview Content";
			sourceTree = "<group>";
		};
		F61F26C52A5A625800A4A13C /* Code-Along */ = {
			isa = PBXGroup;
			children = (
				F61F26C32A5A622300A4A13C /* CreatingCustomPaths.swift */,
				F61F26C62A5A62FA00A4A13C /* PathsVsShapes.swift */,
				F61F26C82A5A65B500A4A13C /* Adding_strokeBorder.swift */,
				F61F26CA2A5B11EC00A4A13C /* TransformShapesWithCGAffineTransform.swift */,
				F61F26CC2A5B17D800A4A13C /* ImagePaintDrawing.swift */,
				F61F26D32A5B19FC00A4A13C /* MetalRenderingWith_drawingGroup.swift */,
				F61F26D52A5B1D6D00A4A13C /* SpecialEffects.swift */,
				F61F26D72A5B224600A4A13C /* AnimatingSimpleShapes.swift */,
				F61F26D92A5B24B800A4A13C /* AnimatingComplexShapes.swift */,
				F61F26DB2A5B275000A4A13C /* Spirograph.swift */,
			);
			path = "Code-Along";
			sourceTree = "<group>";
		};
/* End PBXGroup section */

/* Begin PBXNativeTarget section */
		F61F26B12A5A605900A4A13C /* P9-Drawing */ = {
			isa = PBXNativeTarget;
			buildConfigurationList = F61F26C02A5A605A00A4A13C /* Build configuration list for PBXNativeTarget "P9-Drawing" */;
			buildPhases = (
				F61F26AE2A5A605900A4A13C /* Sources */,
				F61F26AF2A5A605900A4A13C /* Frameworks */,
				F61F26B02A5A605900A4A13C /* Resources */,
			);
			buildRules = (
			);
			dependencies = (
			);
			name = "P9-Drawing";
			productName = "P9-Drawing";
			productReference = F61F26B22A5A605900A4A13C /* P9-Drawing.app */;
			productType = "com.apple.product-type.application";
		};
/* End PBXNativeTarget section */

/* Begin PBXProject section */
		F61F26AA2A5A605900A4A13C /* Project object */ = {
			isa = PBXProject;
			attributes = {
				BuildIndependentTargetsInParallel = 1;
				LastSwiftUpdateCheck = 1430;
				LastUpgradeCheck = 1430;
				TargetAttributes = {
					F61F26B12A5A605900A4A13C = {
						CreatedOnToolsVersion = 14.3.1;
					};
				};
			};
			buildConfigurationList = F61F26AD2A5A605900A4A13C /* Build configuration list for PBXProject "P9-Drawing" */;
			compatibilityVersion = "Xcode 14.0";
			developmentRegion = en;
			hasScannedForEncodings = 0;
			knownRegions = (
				en,
				Base,
			);
			mainGroup = F61F26A92A5A605900A4A13C;
			productRefGroup = F61F26B32A5A605900A4A13C /* Products */;
			projectDirPath = "";
			projectRoot = "";
			targets = (
				F61F26B12A5A605900A4A13C /* P9-Drawing */,
			);
		};
/* End PBXProject section */

/* Begin PBXResourcesBuildPhase section */
		F61F26B02A5A605900A4A13C /* Resources */ = {
			isa = PBXResourcesBuildPhase;
			buildActionMask = 2147483647;
			files = (
				F61F26BD2A5A605A00A4A13C /* Preview Assets.xcassets in Resources */,
				F61F26BA2A5A605A00A4A13C /* Assets.xcassets in Resources */,
			);
			runOnlyForDeploymentPostprocessing = 0;
		};
/* End PBXResourcesBuildPhase section */

/* Begin PBXSourcesBuildPhase section */
		F61F26AE2A5A605900A4A13C /* Sources */ = {
			isa = PBXSourcesBuildPhase;
			buildActionMask = 2147483647;
			files = (
				F61F26D82A5B224600A4A13C /* AnimatingSimpleShapes.swift in Sources */,
				F61F26CD2A5B17D800A4A13C /* ImagePaintDrawing.swift in Sources */,
				F61F26DC2A5B275000A4A13C /* Spirograph.swift in Sources */,
				F61F26C42A5A622300A4A13C /* CreatingCustomPaths.swift in Sources */,
				F61F26B82A5A605900A4A13C /* ContentView.swift in Sources */,
				F61F26DA2A5B24B800A4A13C /* AnimatingComplexShapes.swift in Sources */,
				F61F26B62A5A605900A4A13C /* P9_DrawingApp.swift in Sources */,
				F61F26CB2A5B11EC00A4A13C /* TransformShapesWithCGAffineTransform.swift in Sources */,
				F61F26D62A5B1D6D00A4A13C /* SpecialEffects.swift in Sources */,
				F61F26D42A5B19FC00A4A13C /* MetalRenderingWith_drawingGroup.swift in Sources */,
				F61F26C92A5A65B500A4A13C /* Adding_strokeBorder.swift in Sources */,
				F61F26C72A5A62FA00A4A13C /* PathsVsShapes.swift in Sources */,
			);
			runOnlyForDeploymentPostprocessing = 0;
		};
/* End PBXSourcesBuildPhase section */

/* Begin XCBuildConfiguration section */
		F61F26BE2A5A605A00A4A13C /* Debug */ = {
			isa = XCBuildConfiguration;
			buildSettings = {
				ALWAYS_SEARCH_USER_PATHS = NO;
				CLANG_ANALYZER_NONNULL = YES;
				CLANG_ANALYZER_NUMBER_OBJECT_CONVERSION = YES_AGGRESSIVE;
				CLANG_CXX_LANGUAGE_STANDARD = "gnu++20";
				CLANG_ENABLE_MODULES = YES;
				CLANG_ENABLE_OBJC_ARC = YES;
				CLANG_ENABLE_OBJC_WEAK = YES;
				CLANG_WARN_BLOCK_CAPTURE_AUTORELEASING = YES;
				CLANG_WARN_BOOL_CONVERSION = YES;
				CLANG_WARN_COMMA = YES;
				CLANG_WARN_CONSTANT_CONVERSION = YES;
				CLANG_WARN_DEPRECATED_OBJC_IMPLEMENTATIONS = YES;
				CLANG_WARN_DIRECT_OBJC_ISA_USAGE = YES_ERROR;
				CLANG_WARN_DOCUMENTATION_COMMENTS = YES;
				CLANG_WARN_EMPTY_BODY = YES;
				CLANG_WARN_ENUM_CONVERSION = YES;
				CLANG_WARN_INFINITE_RECURSION = YES;
				CLANG_WARN_INT_CONVERSION = YES;
				CLANG_WARN_NON_LITERAL_NULL_CONVERSION = YES;
				CLANG_WARN_OBJC_IMPLICIT_RETAIN_SELF = YES;
				CLANG_WARN_OBJC_LITERAL_CONVERSION = YES;
				CLANG_WARN_OBJC_ROOT_CLASS = YES_ERROR;
				CLANG_WARN_QUOTED_INCLUDE_IN_FRAMEWORK_HEADER = YES;
				CLANG_WARN_RANGE_LOOP_ANALYSIS = YES;
				CLANG_WARN_STRICT_PROTOTYPES = YES;
				CLANG_WARN_SUSPICIOUS_MOVE = YES;
				CLANG_WARN_UNGUARDED_AVAILABILITY = YES_AGGRESSIVE;
				CLANG_WARN_UNREACHABLE_CODE = YES;
				CLANG_WARN__DUPLICATE_METHOD_MATCH = YES;
				COPY_PHASE_STRIP = NO;
				DEBUG_INFORMATION_FORMAT = dwarf;
				ENABLE_STRICT_OBJC_MSGSEND = YES;
				ENABLE_TESTABILITY = YES;
				GCC_C_LANGUAGE_STANDARD = gnu11;
				GCC_DYNAMIC_NO_PIC = NO;
				GCC_NO_COMMON_BLOCKS = YES;
				GCC_OPTIMIZATION_LEVEL = 0;
				GCC_PREPROCESSOR_DEFINITIONS = (
					"DEBUG=1",
					"$(inherited)",
				);
				GCC_WARN_64_TO_32_BIT_CONVERSION = YES;
				GCC_WARN_ABOUT_RETURN_TYPE = YES_ERROR;
				GCC_WARN_UNDECLARED_SELECTOR = YES;
				GCC_WARN_UNINITIALIZED_AUTOS = YES_AGGRESSIVE;
				GCC_WARN_UNUSED_FUNCTION = YES;
				GCC_WARN_UNUSED_VARIABLE = YES;
				IPHONEOS_DEPLOYMENT_TARGET = 16.4;
				MTL_ENABLE_DEBUG_INFO = INCLUDE_SOURCE;
				MTL_FAST_MATH = YES;
				ONLY_ACTIVE_ARCH = YES;
				SDKROOT = iphoneos;
				SWIFT_ACTIVE_COMPILATION_CONDITIONS = DEBUG;
				SWIFT_OPTIMIZATION_LEVEL = "-Onone";
			};
			name = Debug;
		};
		F61F26BF2A5A605A00A4A13C /* Release */ = {
			isa = XCBuildConfiguration;
			buildSettings = {
				ALWAYS_SEARCH_USER_PATHS = NO;
				CLANG_ANALYZER_NONNULL = YES;
				CLANG_ANALYZER_NUMBER_OBJECT_CONVERSION = YES_AGGRESSIVE;
				CLANG_CXX_LANGUAGE_STANDARD = "gnu++20";
				CLANG_ENABLE_MODULES = YES;
				CLANG_ENABLE_OBJC_ARC = YES;
				CLANG_ENABLE_OBJC_WEAK = YES;
				CLANG_WARN_BLOCK_CAPTURE_AUTORELEASING = YES;
				CLANG_WARN_BOOL_CONVERSION = YES;
				CLANG_WARN_COMMA = YES;
				CLANG_WARN_CONSTANT_CONVERSION = YES;
				CLANG_WARN_DEPRECATED_OBJC_IMPLEMENTATIONS = YES;
				CLANG_WARN_DIRECT_OBJC_ISA_USAGE = YES_ERROR;
				CLANG_WARN_DOCUMENTATION_COMMENTS = YES;
				CLANG_WARN_EMPTY_BODY = YES;
				CLANG_WARN_ENUM_CONVERSION = YES;
				CLANG_WARN_INFINITE_RECURSION = YES;
				CLANG_WARN_INT_CONVERSION = YES;
				CLANG_WARN_NON_LITERAL_NULL_CONVERSION = YES;
				CLANG_WARN_OBJC_IMPLICIT_RETAIN_SELF = YES;
				CLANG_WARN_OBJC_LITERAL_CONVERSION = YES;
				CLANG_WARN_OBJC_ROOT_CLASS = YES_ERROR;
				CLANG_WARN_QUOTED_INCLUDE_IN_FRAMEWORK_HEADER = YES;
				CLANG_WARN_RANGE_LOOP_ANALYSIS = YES;
				CLANG_WARN_STRICT_PROTOTYPES = YES;
				CLANG_WARN_SUSPICIOUS_MOVE = YES;
				CLANG_WARN_UNGUARDED_AVAILABILITY = YES_AGGRESSIVE;
				CLANG_WARN_UNREACHABLE_CODE = YES;
				CLANG_WARN__DUPLICATE_METHOD_MATCH = YES;
				COPY_PHASE_STRIP = NO;
				DEBUG_INFORMATION_FORMAT = "dwarf-with-dsym";
				ENABLE_NS_ASSERTIONS = NO;
				ENABLE_STRICT_OBJC_MSGSEND = YES;
				GCC_C_LANGUAGE_STANDARD = gnu11;
				GCC_NO_COMMON_BLOCKS = YES;
				GCC_WARN_64_TO_32_BIT_CONVERSION = YES;
				GCC_WARN_ABOUT_RETURN_TYPE = YES_ERROR;
				GCC_WARN_UNDECLARED_SELECTOR = YES;
				GCC_WARN_UNINITIALIZED_AUTOS = YES_AGGRESSIVE;
				GCC_WARN_UNUSED_FUNCTION = YES;
				GCC_WARN_UNUSED_VARIABLE = YES;
				IPHONEOS_DEPLOYMENT_TARGET = 16.4;
				MTL_ENABLE_DEBUG_INFO = NO;
				MTL_FAST_MATH = YES;
				SDKROOT = iphoneos;
				SWIFT_COMPILATION_MODE = wholemodule;
				SWIFT_OPTIMIZATION_LEVEL = "-O";
				VALIDATE_PRODUCT = YES;
			};
			name = Release;
		};
		F61F26C12A5A605A00A4A13C /* Debug */ = {
			isa = XCBuildConfiguration;
			buildSettings = {
				ASSETCATALOG_COMPILER_APPICON_NAME = AppIcon;
				ASSETCATALOG_COMPILER_GLOBAL_ACCENT_COLOR_NAME = AccentColor;
				CODE_SIGN_STYLE = Automatic;
				CURRENT_PROJECT_VERSION = 1;
				DEVELOPMENT_ASSET_PATHS = "\"P9-Drawing/Preview Content\"";
				DEVELOPMENT_TEAM = X67TLHFY58;
				ENABLE_PREVIEWS = YES;
				GENERATE_INFOPLIST_FILE = YES;
				INFOPLIST_KEY_UIApplicationSceneManifest_Generation = YES;
				INFOPLIST_KEY_UIApplicationSupportsIndirectInputEvents = YES;
				INFOPLIST_KEY_UILaunchScreen_Generation = YES;
				INFOPLIST_KEY_UISupportedInterfaceOrientations_iPad = "UIInterfaceOrientationPortrait UIInterfaceOrientationPortraitUpsideDown UIInterfaceOrientationLandscapeLeft UIInterfaceOrientationLandscapeRight";
				INFOPLIST_KEY_UISupportedInterfaceOrientations_iPhone = "UIInterfaceOrientationPortrait UIInterfaceOrientationLandscapeLeft UIInterfaceOrientationLandscapeRight";
				LD_RUNPATH_SEARCH_PATHS = (
					"$(inherited)",
					"@executable_path/Frameworks",
				);
				MARKETING_VERSION = 1.0;
				PRODUCT_BUNDLE_IDENTIFIER = "jonyTipton.P9-Drawing";
				PRODUCT_NAME = "$(TARGET_NAME)";
				SWIFT_EMIT_LOC_STRINGS = YES;
				SWIFT_VERSION = 5.0;
				TARGETED_DEVICE_FAMILY = "1,2";
			};
			name = Debug;
		};
		F61F26C22A5A605A00A4A13C /* Release */ = {
			isa = XCBuildConfiguration;
			buildSettings = {
				ASSETCATALOG_COMPILER_APPICON_NAME = AppIcon;
				ASSETCATALOG_COMPILER_GLOBAL_ACCENT_COLOR_NAME = AccentColor;
				CODE_SIGN_STYLE = Automatic;
				CURRENT_PROJECT_VERSION = 1;
				DEVELOPMENT_ASSET_PATHS = "\"P9-Drawing/Preview Content\"";
				DEVELOPMENT_TEAM = X67TLHFY58;
				ENABLE_PREVIEWS = YES;
				GENERATE_INFOPLIST_FILE = YES;
				INFOPLIST_KEY_UIApplicationSceneManifest_Generation = YES;
				INFOPLIST_KEY_UIApplicationSupportsIndirectInputEvents = YES;
				INFOPLIST_KEY_UILaunchScreen_Generation = YES;
				INFOPLIST_KEY_UISupportedInterfaceOrientations_iPad = "UIInterfaceOrientationPortrait UIInterfaceOrientationPortraitUpsideDown UIInterfaceOrientationLandscapeLeft UIInterfaceOrientationLandscapeRight";
				INFOPLIST_KEY_UISupportedInterfaceOrientations_iPhone = "UIInterfaceOrientationPortrait UIInterfaceOrientationLandscapeLeft UIInterfaceOrientationLandscapeRight";
				LD_RUNPATH_SEARCH_PATHS = (
					"$(inherited)",
					"@executable_path/Frameworks",
				);
				MARKETING_VERSION = 1.0;
				PRODUCT_BUNDLE_IDENTIFIER = "jonyTipton.P9-Drawing";
				PRODUCT_NAME = "$(TARGET_NAME)";
				SWIFT_EMIT_LOC_STRINGS = YES;
				SWIFT_VERSION = 5.0;
				TARGETED_DEVICE_FAMILY = "1,2";
			};
			name = Release;
		};
/* End XCBuildConfiguration section */

/* Begin XCConfigurationList section */
		F61F26AD2A5A605900A4A13C /* Build configuration list for PBXProject "P9-Drawing" */ = {
			isa = XCConfigurationList;
			buildConfigurations = (
				F61F26BE2A5A605A00A4A13C /* Debug */,
				F61F26BF2A5A605A00A4A13C /* Release */,
			);
			defaultConfigurationIsVisible = 0;
			defaultConfigurationName = Release;
		};
		F61F26C02A5A605A00A4A13C /* Build configuration list for PBXNativeTarget "P9-Drawing" */ = {
			isa = XCConfigurationList;
			buildConfigurations = (
				F61F26C12A5A605A00A4A13C /* Debug */,
				F61F26C22A5A605A00A4A13C /* Release */,
			);
			defaultConfigurationIsVisible = 0;
			defaultConfigurationName = Release;
		};
/* End XCConfigurationList section */
	};
	rootObject = F61F26AA2A5A605900A4A13C /* Project object */;
}
